PODS:
  - AppCenter/Analytics (1.11.0):
    - AppCenter/Core
  - AppCenter/Core (1.11.0)
  - AppCenter/Crashes (1.11.0):
    - AppCenter/Core
  - AppCenter/Push (1.11.0):
    - AppCenter/Core
  - AppCenterReactNativeShared (1.10.0):
    - AppCenter/Core (= 1.11.0)
  - QBImagePickerController (3.4.0)
  - React/Core (0.57.7):
    - yoga (= 0.57.7.React)
  - React/RCTImage (0.57.7):
    - React/Core
    - React/RCTNetwork
  - React/RCTNetwork (0.57.7):
    - React/Core
  - RNImageCropPicker (0.21.3):
    - QBImagePickerController
    - React/Core
    - RSKImageCropper
  - RSKImageCropper (2.2.1)
  - yoga (0.57.7.React)

DEPENDENCIES:
  - AppCenter/Analytics (~> 1.11.0)
  - AppCenter/Crashes (~> 1.11.0)
  - AppCenter/Push (~> 1.11.0)
  - AppCenterReactNativeShared (~> 1.10.0)
  - React/RCTImage (from `../node_modules/react-native`)
  - RNImageCropPicker (from `../node_modules/react-native-image-crop-picker`)
  - yoga (from `../node_modules/react-native/ReactCommon/yoga`)

EXTERNAL SOURCES:
  React:
    :path: ../node_modules/react-native
  RNImageCropPicker:
    :path: ../node_modules/react-native-image-crop-picker
  yoga:
    :path: ../node_modules/react-native/ReactCommon/yoga

SPEC CHECKSUMS:
  AppCenter: 3bccf8d733e337d0db574dd4cb0e33ab9637b7f2
  AppCenterReactNativeShared: a77b000c2ac6dc2e44472621d7d0770f196e5822
  QBImagePickerController: d54cf93db6decf26baf6ed3472f336ef35cae022
  React: 1fe0eb13d90b625d94c3b117c274dcfd2e760e11
  RNImageCropPicker: 32ca4b9fef4e1b7b85ba69494242122948117e06
  RSKImageCropper: 98296ad26b41753f796b6898d015509598f13d97
  yoga: b1ce48b6cf950b98deae82838f5173ea7cf89e85

PODFILE CHECKSUM: ec86702456a70648c23972c332c8648d93335b88

COCOAPODS: 1.5.3
